{
  "sources": {
    "ghc": {
      "path": "./site-cookbooks/ghc"
    },
    "imagemagick": {
      "path": "./site-cookbooks/imagemagick"
    },
    "joelteon": {
      "path": "./site-cookbooks/joelteon"
    },
    "postgres": {
      "path": "./site-cookbooks/postgres"
    },
    "git": {
      "locked_version": "2.5.2"
    },
    "dmg": {
      "locked_version": "1.1.0"
    },
    "build-essential": {
      "locked_version": "1.4.0"
    },
    "yum": {
      "locked_version": "2.3.0"
    },
    "windows": {
      "locked_version": "1.9.0"
    },
    "chef_handler": {
      "locked_version": "1.1.4"
    },
    "runit": {
      "locked_version": "1.1.4"
    },
    "psql": {
      "locked_version": "0.1.0"
    },
    "cutlery": {
      "locked_version": "0.2.2"
    }
  }
}
